// !$*UTF8*$!
{
	archiveVersion = 1;
	classes = {
	};
	objectVersion = 56;
	objects = {

/* Begin PBXBuildFile section */
		0441BFA62BD26DF20057465A /* SearchViewController.swift in Sources */ = {isa = PBXBuildFile; fileRef = 0441BFA42BD26DF20057465A /* SearchViewController.swift */; };
		0441BFA72BD26DF20057465A /* SearchViewController.xib in Resources */ = {isa = PBXBuildFile; fileRef = 0441BFA52BD26DF20057465A /* SearchViewController.xib */; };
		0441BFAB2BD26E2D0057465A /* SearchMovieCell.swift in Sources */ = {isa = PBXBuildFile; fileRef = 0441BFA92BD26E2D0057465A /* SearchMovieCell.swift */; };
		0441BFAC2BD26E2D0057465A /* SearchMovieCell.xib in Resources */ = {isa = PBXBuildFile; fileRef = 0441BFAA2BD26E2D0057465A /* SearchMovieCell.xib */; };
		0498C1BC2BD646770023FA39 /* StarRatingView.swift in Sources */ = {isa = PBXBuildFile; fileRef = 0498C1BB2BD646770023FA39 /* StarRatingView.swift */; };
		04CF96572BD1241400832489 /* ListMovieViewController.swift in Sources */ = {isa = PBXBuildFile; fileRef = 04CF96552BD1241400832489 /* ListMovieViewController.swift */; };
		04CF96582BD1241400832489 /* ListMovieViewController.xib in Resources */ = {isa = PBXBuildFile; fileRef = 04CF96562BD1241400832489 /* ListMovieViewController.xib */; };
		04CF965E2BD13CC100832489 /* MovieDetailViewController.swift in Sources */ = {isa = PBXBuildFile; fileRef = 04CF965C2BD13CC100832489 /* MovieDetailViewController.swift */; };
		04CF965F2BD13CC100832489 /* MovieDetailViewController.xib in Resources */ = {isa = PBXBuildFile; fileRef = 04CF965D2BD13CC100832489 /* MovieDetailViewController.xib */; };
		04CF96652BD13D1200832489 /* MovieDetailInfoCell.swift in Sources */ = {isa = PBXBuildFile; fileRef = 04CF96632BD13D1200832489 /* MovieDetailInfoCell.swift */; };
		04CF96662BD13D1200832489 /* MovieDetailInfoCell.xib in Resources */ = {isa = PBXBuildFile; fileRef = 04CF96642BD13D1200832489 /* MovieDetailInfoCell.xib */; };
		04CF96692BD13D2100832489 /* CastTableViewCell.swift in Sources */ = {isa = PBXBuildFile; fileRef = 04CF96672BD13D2100832489 /* CastTableViewCell.swift */; };
		04CF966A2BD13D2100832489 /* CastTableViewCell.xib in Resources */ = {isa = PBXBuildFile; fileRef = 04CF96682BD13D2100832489 /* CastTableViewCell.xib */; };
		04CF966D2BD13D3A00832489 /* SimilarTableViewCell.swift in Sources */ = {isa = PBXBuildFile; fileRef = 04CF966B2BD13D3A00832489 /* SimilarTableViewCell.swift */; };
		04CF966E2BD13D3A00832489 /* SimilarTableViewCell.xib in Resources */ = {isa = PBXBuildFile; fileRef = 04CF966C2BD13D3A00832489 /* SimilarTableViewCell.xib */; };
		04CF96722BD13D5600832489 /* TrailerCell.swift in Sources */ = {isa = PBXBuildFile; fileRef = 04CF96702BD13D5600832489 /* TrailerCell.swift */; };
		04CF96732BD13D5600832489 /* TrailerCell.xib in Resources */ = {isa = PBXBuildFile; fileRef = 04CF96712BD13D5600832489 /* TrailerCell.xib */; };
		04CF96772BD1408000832489 /* CastCell.swift in Sources */ = {isa = PBXBuildFile; fileRef = 04CF96752BD1408000832489 /* CastCell.swift */; };
		04CF96782BD1408000832489 /* CastCell.xib in Resources */ = {isa = PBXBuildFile; fileRef = 04CF96762BD1408000832489 /* CastCell.xib */; };
		04CF967B2BD20FF800832489 /* MovieRepository.swift in Sources */ = {isa = PBXBuildFile; fileRef = 04CF967A2BD20FF800832489 /* MovieRepository.swift */; };
		C951A77B2BCE6151002AB2F8 /* AppDelegate.swift in Sources */ = {isa = PBXBuildFile; fileRef = C951A77A2BCE6151002AB2F8 /* AppDelegate.swift */; };
		C951A77D2BCE6151002AB2F8 /* SceneDelegate.swift in Sources */ = {isa = PBXBuildFile; fileRef = C951A77C2BCE6151002AB2F8 /* SceneDelegate.swift */; };
		C951A7822BCE6151002AB2F8 /* Base in Resources */ = {isa = PBXBuildFile; fileRef = C951A7812BCE6151002AB2F8 /* Base */; };
		C951A7852BCE6151002AB2F8 /* MovieHub.xcdatamodeld in Sources */ = {isa = PBXBuildFile; fileRef = C951A7832BCE6151002AB2F8 /* MovieHub.xcdatamodeld */; };
		C951A7872BCE6152002AB2F8 /* Assets.xcassets in Resources */ = {isa = PBXBuildFile; fileRef = C951A7862BCE6152002AB2F8 /* Assets.xcassets */; };
		C951A78A2BCE6152002AB2F8 /* Base in Resources */ = {isa = PBXBuildFile; fileRef = C951A7892BCE6152002AB2F8 /* Base */; };
		C951A7992BCE64DE002AB2F8 /* HomeViewController.swift in Sources */ = {isa = PBXBuildFile; fileRef = C951A7982BCE64DE002AB2F8 /* HomeViewController.swift */; };
		C951A79B2BCE64EB002AB2F8 /* FavoriteViewController.swift in Sources */ = {isa = PBXBuildFile; fileRef = C951A79A2BCE64EB002AB2F8 /* FavoriteViewController.swift */; };
		C951A79D2BCE64F7002AB2F8 /* AccountViewController.swift in Sources */ = {isa = PBXBuildFile; fileRef = C951A79C2BCE64F7002AB2F8 /* AccountViewController.swift */; };
		C9B1C8D32BCE671E00880CD4 /* APIService.swift in Sources */ = {isa = PBXBuildFile; fileRef = C9B1C8D22BCE671E00880CD4 /* APIService.swift */; };
		C9B1C8D52BCE672800880CD4 /* Urls.swift in Sources */ = {isa = PBXBuildFile; fileRef = C9B1C8D42BCE672800880CD4 /* Urls.swift */; };
		C9B1C8D82BCE67B100880CD4 /* Constants.swift in Sources */ = {isa = PBXBuildFile; fileRef = C9B1C8D72BCE67B100880CD4 /* Constants.swift */; };
		C9B1C8DA2BCE67FE00880CD4 /* UIViewController+Extension.swift in Sources */ = {isa = PBXBuildFile; fileRef = C9B1C8D92BCE67FE00880CD4 /* UIViewController+Extension.swift */; };
		C9B1C8DE2BCE8B0100880CD4 /* Movie.swift in Sources */ = {isa = PBXBuildFile; fileRef = C9B1C8DD2BCE8B0100880CD4 /* Movie.swift */; };
		C9B1C8E12BCE8B6200880CD4 /* CoreDataManager.swift in Sources */ = {isa = PBXBuildFile; fileRef = C9B1C8E02BCE8B6200880CD4 /* CoreDataManager.swift */; };
		C9B1C8F52BCF5DB100880CD4 /* MovieResponse.swift in Sources */ = {isa = PBXBuildFile; fileRef = C9B1C8F42BCF5DB100880CD4 /* MovieResponse.swift */; };
		C9B1C8F72BCF5DC300880CD4 /* Cast.swift in Sources */ = {isa = PBXBuildFile; fileRef = C9B1C8F62BCF5DC300880CD4 /* Cast.swift */; };
		C9B1C8F92BCF5DCF00880CD4 /* Credits.swift in Sources */ = {isa = PBXBuildFile; fileRef = C9B1C8F82BCF5DCF00880CD4 /* Credits.swift */; };
		C9B1C9012BCF61EC00880CD4 /* SearchCell.xib in Resources */ = {isa = PBXBuildFile; fileRef = C9B1C9002BCF61EC00880CD4 /* SearchCell.xib */; };
		C9B1C9022BCF61EC00880CD4 /* SearchCell.swift in Sources */ = {isa = PBXBuildFile; fileRef = C9B1C8FF2BCF61EC00880CD4 /* SearchCell.swift */; };
		C9B1C9042BCF620300880CD4 /* MovieHeader.swift in Sources */ = {isa = PBXBuildFile; fileRef = C9B1C9032BCF620300880CD4 /* MovieHeader.swift */; };
		C9B1C9062BCF620F00880CD4 /* MovieHeader.xib in Resources */ = {isa = PBXBuildFile; fileRef = C9B1C9052BCF620F00880CD4 /* MovieHeader.xib */; };
		C9B1C9092BCF624700880CD4 /* ListMovieTableViewCell.xib in Resources */ = {isa = PBXBuildFile; fileRef = C9B1C9082BCF624700880CD4 /* ListMovieTableViewCell.xib */; };
		C9B1C90A2BCF624700880CD4 /* ListMovieTableViewCell.swift in Sources */ = {isa = PBXBuildFile; fileRef = C9B1C9072BCF624700880CD4 /* ListMovieTableViewCell.swift */; };
		C9B1C90E2BCF627E00880CD4 /* MovieCollectionViewCell.xib in Resources */ = {isa = PBXBuildFile; fileRef = C9B1C90D2BCF627E00880CD4 /* MovieCollectionViewCell.xib */; };
		C9B1C90F2BCF627E00880CD4 /* MovieCollectionViewCell.swift in Sources */ = {isa = PBXBuildFile; fileRef = C9B1C90C2BCF627E00880CD4 /* MovieCollectionViewCell.swift */; };
		C9B1C9112BCF66DC00880CD4 /* UIImageView+Extension.swift in Sources */ = {isa = PBXBuildFile; fileRef = C9B1C9102BCF66DC00880CD4 /* UIImageView+Extension.swift */; };
		C9B1C9192BCF6BF900880CD4 /* NetworkMonitor.swift in Sources */ = {isa = PBXBuildFile; fileRef = C9B1C9182BCF6BF900880CD4 /* NetworkMonitor.swift */; };
		C9B1C91C2BCF745D00880CD4 /* Enum.swift in Sources */ = {isa = PBXBuildFile; fileRef = C9B1C91B2BCF745D00880CD4 /* Enum.swift */; };
		C9B1C91F2BCF820B00880CD4 /* Reusable in Frameworks */ = {isa = PBXBuildFile; productRef = C9B1C91E2BCF820B00880CD4 /* Reusable */; };
/* End PBXBuildFile section */

/* Begin PBXFileReference section */
		0441BFA42BD26DF20057465A /* SearchViewController.swift */ = {isa = PBXFileReference; lastKnownFileType = sourcecode.swift; path = SearchViewController.swift; sourceTree = "<group>"; };
		0441BFA52BD26DF20057465A /* SearchViewController.xib */ = {isa = PBXFileReference; lastKnownFileType = file.xib; path = SearchViewController.xib; sourceTree = "<group>"; };
		0441BFA92BD26E2D0057465A /* SearchMovieCell.swift */ = {isa = PBXFileReference; lastKnownFileType = sourcecode.swift; path = SearchMovieCell.swift; sourceTree = "<group>"; };
		0441BFAA2BD26E2D0057465A /* SearchMovieCell.xib */ = {isa = PBXFileReference; lastKnownFileType = file.xib; path = SearchMovieCell.xib; sourceTree = "<group>"; };
		04910F6F2BD0B87300DECB84 /* AppConfig.xcconfig */ = {isa = PBXFileReference; lastKnownFileType = text.xcconfig; path = AppConfig.xcconfig; sourceTree = "<group>"; };
		0498C1BB2BD646770023FA39 /* StarRatingView.swift */ = {isa = PBXFileReference; lastKnownFileType = sourcecode.swift; path = StarRatingView.swift; sourceTree = "<group>"; };
		04CF96552BD1241400832489 /* ListMovieViewController.swift */ = {isa = PBXFileReference; lastKnownFileType = sourcecode.swift; path = ListMovieViewController.swift; sourceTree = "<group>"; };
		04CF96562BD1241400832489 /* ListMovieViewController.xib */ = {isa = PBXFileReference; lastKnownFileType = file.xib; path = ListMovieViewController.xib; sourceTree = "<group>"; };
		04CF965C2BD13CC100832489 /* MovieDetailViewController.swift */ = {isa = PBXFileReference; lastKnownFileType = sourcecode.swift; path = MovieDetailViewController.swift; sourceTree = "<group>"; };
		04CF965D2BD13CC100832489 /* MovieDetailViewController.xib */ = {isa = PBXFileReference; lastKnownFileType = file.xib; path = MovieDetailViewController.xib; sourceTree = "<group>"; };
		04CF96632BD13D1200832489 /* MovieDetailInfoCell.swift */ = {isa = PBXFileReference; lastKnownFileType = sourcecode.swift; path = MovieDetailInfoCell.swift; sourceTree = "<group>"; };
		04CF96642BD13D1200832489 /* MovieDetailInfoCell.xib */ = {isa = PBXFileReference; lastKnownFileType = file.xib; path = MovieDetailInfoCell.xib; sourceTree = "<group>"; };
		04CF96672BD13D2100832489 /* CastTableViewCell.swift */ = {isa = PBXFileReference; lastKnownFileType = sourcecode.swift; path = CastTableViewCell.swift; sourceTree = "<group>"; };
		04CF96682BD13D2100832489 /* CastTableViewCell.xib */ = {isa = PBXFileReference; lastKnownFileType = file.xib; path = CastTableViewCell.xib; sourceTree = "<group>"; };
		04CF966B2BD13D3A00832489 /* SimilarTableViewCell.swift */ = {isa = PBXFileReference; lastKnownFileType = sourcecode.swift; path = SimilarTableViewCell.swift; sourceTree = "<group>"; };
		04CF966C2BD13D3A00832489 /* SimilarTableViewCell.xib */ = {isa = PBXFileReference; lastKnownFileType = file.xib; path = SimilarTableViewCell.xib; sourceTree = "<group>"; };
		04CF96702BD13D5600832489 /* TrailerCell.swift */ = {isa = PBXFileReference; lastKnownFileType = sourcecode.swift; path = TrailerCell.swift; sourceTree = "<group>"; };
		04CF96712BD13D5600832489 /* TrailerCell.xib */ = {isa = PBXFileReference; lastKnownFileType = file.xib; path = TrailerCell.xib; sourceTree = "<group>"; };
		04CF96752BD1408000832489 /* CastCell.swift */ = {isa = PBXFileReference; lastKnownFileType = sourcecode.swift; path = CastCell.swift; sourceTree = "<group>"; };
		04CF96762BD1408000832489 /* CastCell.xib */ = {isa = PBXFileReference; lastKnownFileType = file.xib; path = CastCell.xib; sourceTree = "<group>"; };
		04CF967A2BD20FF800832489 /* MovieRepository.swift */ = {isa = PBXFileReference; lastKnownFileType = sourcecode.swift; path = MovieRepository.swift; sourceTree = "<group>"; };
		C951A7772BCE6151002AB2F8 /* MovieHub.app */ = {isa = PBXFileReference; explicitFileType = wrapper.application; includeInIndex = 0; path = MovieHub.app; sourceTree = BUILT_PRODUCTS_DIR; };
		C951A77A2BCE6151002AB2F8 /* AppDelegate.swift */ = {isa = PBXFileReference; lastKnownFileType = sourcecode.swift; path = AppDelegate.swift; sourceTree = "<group>"; };
		C951A77C2BCE6151002AB2F8 /* SceneDelegate.swift */ = {isa = PBXFileReference; lastKnownFileType = sourcecode.swift; path = SceneDelegate.swift; sourceTree = "<group>"; };
		C951A7812BCE6151002AB2F8 /* Base */ = {isa = PBXFileReference; lastKnownFileType = file.storyboard; name = Base; path = Base.lproj/Main.storyboard; sourceTree = "<group>"; };
		C951A7842BCE6151002AB2F8 /* MovieHub.xcdatamodel */ = {isa = PBXFileReference; lastKnownFileType = wrapper.xcdatamodel; path = MovieHub.xcdatamodel; sourceTree = "<group>"; };
		C951A7862BCE6152002AB2F8 /* Assets.xcassets */ = {isa = PBXFileReference; lastKnownFileType = folder.assetcatalog; path = Assets.xcassets; sourceTree = "<group>"; };
		C951A7892BCE6152002AB2F8 /* Base */ = {isa = PBXFileReference; lastKnownFileType = file.storyboard; name = Base; path = Base.lproj/LaunchScreen.storyboard; sourceTree = "<group>"; };
		C951A78B2BCE6152002AB2F8 /* Info.plist */ = {isa = PBXFileReference; lastKnownFileType = text.plist.xml; path = Info.plist; sourceTree = "<group>"; };
		C951A7982BCE64DE002AB2F8 /* HomeViewController.swift */ = {isa = PBXFileReference; lastKnownFileType = sourcecode.swift; path = HomeViewController.swift; sourceTree = "<group>"; };
		C951A79A2BCE64EB002AB2F8 /* FavoriteViewController.swift */ = {isa = PBXFileReference; lastKnownFileType = sourcecode.swift; path = FavoriteViewController.swift; sourceTree = "<group>"; };
		C951A79C2BCE64F7002AB2F8 /* AccountViewController.swift */ = {isa = PBXFileReference; lastKnownFileType = sourcecode.swift; path = AccountViewController.swift; sourceTree = "<group>"; };
		C9B1C8D22BCE671E00880CD4 /* APIService.swift */ = {isa = PBXFileReference; lastKnownFileType = sourcecode.swift; path = APIService.swift; sourceTree = "<group>"; };
		C9B1C8D42BCE672800880CD4 /* Urls.swift */ = {isa = PBXFileReference; lastKnownFileType = sourcecode.swift; path = Urls.swift; sourceTree = "<group>"; };
		C9B1C8D72BCE67B100880CD4 /* Constants.swift */ = {isa = PBXFileReference; lastKnownFileType = sourcecode.swift; path = Constants.swift; sourceTree = "<group>"; };
		C9B1C8D92BCE67FE00880CD4 /* UIViewController+Extension.swift */ = {isa = PBXFileReference; lastKnownFileType = sourcecode.swift; path = "UIViewController+Extension.swift"; sourceTree = "<group>"; };
		C9B1C8DD2BCE8B0100880CD4 /* Movie.swift */ = {isa = PBXFileReference; lastKnownFileType = sourcecode.swift; path = Movie.swift; sourceTree = "<group>"; };
		C9B1C8E02BCE8B6200880CD4 /* CoreDataManager.swift */ = {isa = PBXFileReference; lastKnownFileType = sourcecode.swift; path = CoreDataManager.swift; sourceTree = "<group>"; };
		C9B1C8F42BCF5DB100880CD4 /* MovieResponse.swift */ = {isa = PBXFileReference; lastKnownFileType = sourcecode.swift; path = MovieResponse.swift; sourceTree = "<group>"; };
		C9B1C8F62BCF5DC300880CD4 /* Cast.swift */ = {isa = PBXFileReference; lastKnownFileType = sourcecode.swift; path = Cast.swift; sourceTree = "<group>"; };
		C9B1C8F82BCF5DCF00880CD4 /* Credits.swift */ = {isa = PBXFileReference; lastKnownFileType = sourcecode.swift; path = Credits.swift; sourceTree = "<group>"; };
		C9B1C8FF2BCF61EC00880CD4 /* SearchCell.swift */ = {isa = PBXFileReference; lastKnownFileType = sourcecode.swift; path = SearchCell.swift; sourceTree = "<group>"; };
		C9B1C9002BCF61EC00880CD4 /* SearchCell.xib */ = {isa = PBXFileReference; lastKnownFileType = file.xib; path = SearchCell.xib; sourceTree = "<group>"; };
		C9B1C9032BCF620300880CD4 /* MovieHeader.swift */ = {isa = PBXFileReference; lastKnownFileType = sourcecode.swift; path = MovieHeader.swift; sourceTree = "<group>"; };
		C9B1C9052BCF620F00880CD4 /* MovieHeader.xib */ = {isa = PBXFileReference; lastKnownFileType = file.xib; path = MovieHeader.xib; sourceTree = "<group>"; };
		C9B1C9072BCF624700880CD4 /* ListMovieTableViewCell.swift */ = {isa = PBXFileReference; lastKnownFileType = sourcecode.swift; path = ListMovieTableViewCell.swift; sourceTree = "<group>"; };
		C9B1C9082BCF624700880CD4 /* ListMovieTableViewCell.xib */ = {isa = PBXFileReference; lastKnownFileType = file.xib; path = ListMovieTableViewCell.xib; sourceTree = "<group>"; };
		C9B1C90C2BCF627E00880CD4 /* MovieCollectionViewCell.swift */ = {isa = PBXFileReference; lastKnownFileType = sourcecode.swift; path = MovieCollectionViewCell.swift; sourceTree = "<group>"; };
		C9B1C90D2BCF627E00880CD4 /* MovieCollectionViewCell.xib */ = {isa = PBXFileReference; lastKnownFileType = file.xib; path = MovieCollectionViewCell.xib; sourceTree = "<group>"; };
		C9B1C9102BCF66DC00880CD4 /* UIImageView+Extension.swift */ = {isa = PBXFileReference; lastKnownFileType = sourcecode.swift; path = "UIImageView+Extension.swift"; sourceTree = "<group>"; };
		C9B1C9182BCF6BF900880CD4 /* NetworkMonitor.swift */ = {isa = PBXFileReference; lastKnownFileType = sourcecode.swift; path = NetworkMonitor.swift; sourceTree = "<group>"; };
		C9B1C91B2BCF745D00880CD4 /* Enum.swift */ = {isa = PBXFileReference; lastKnownFileType = sourcecode.swift; path = Enum.swift; sourceTree = "<group>"; };
/* End PBXFileReference section */

/* Begin PBXFrameworksBuildPhase section */
		C951A7742BCE6151002AB2F8 /* Frameworks */ = {
			isa = PBXFrameworksBuildPhase;
			buildActionMask = 2147483647;
			files = (
				C9B1C91F2BCF820B00880CD4 /* Reusable in Frameworks */,
			);
			runOnlyForDeploymentPostprocessing = 0;
		};
/* End PBXFrameworksBuildPhase section */

/* Begin PBXGroup section */
		0441BFA32BD26DD50057465A /* Search */ = {
			isa = PBXGroup;
			children = (
				0441BFA82BD26E0C0057465A /* Cell */,
				0441BFA42BD26DF20057465A /* SearchViewController.swift */,
				0441BFA52BD26DF20057465A /* SearchViewController.xib */,
			);
			path = Search;
			sourceTree = "<group>";
		};
		0441BFA82BD26E0C0057465A /* Cell */ = {
			isa = PBXGroup;
			children = (
				0441BFA92BD26E2D0057465A /* SearchMovieCell.swift */,
				0441BFAA2BD26E2D0057465A /* SearchMovieCell.xib */,
			);
			path = Cell;
			sourceTree = "<group>";
		};
		0498C1B82BD644240023FA39 /* Common */ = {
			isa = PBXGroup;
			children = (
				0498C1BB2BD646770023FA39 /* StarRatingView.swift */,
			);
			path = Common;
			sourceTree = "<group>";
		};
		04CF96542BD123F500832489 /* ListMovie */ = {
			isa = PBXGroup;
			children = (
				04CF96552BD1241400832489 /* ListMovieViewController.swift */,
				04CF96562BD1241400832489 /* ListMovieViewController.xib */,
			);
			path = ListMovie;
			sourceTree = "<group>";
		};
		04CF965B2BD13C8200832489 /* MovieDetail */ = {
			isa = PBXGroup;
			children = (
				04CF96622BD13CDB00832489 /* SimilarTableViewCell */,
				04CF96612BD13CD200832489 /* CastTableViewCell */,
				04CF96602BD13CC600832489 /* MovieDetailInfoCell */,
				04CF965C2BD13CC100832489 /* MovieDetailViewController.swift */,
				04CF965D2BD13CC100832489 /* MovieDetailViewController.xib */,
			);
			path = MovieDetail;
			sourceTree = "<group>";
		};
		04CF96602BD13CC600832489 /* MovieDetailInfoCell */ = {
			isa = PBXGroup;
			children = (
				04CF96632BD13D1200832489 /* MovieDetailInfoCell.swift */,
				04CF96642BD13D1200832489 /* MovieDetailInfoCell.xib */,
			);
			path = MovieDetailInfoCell;
			sourceTree = "<group>";
		};
		04CF96612BD13CD200832489 /* CastTableViewCell */ = {
			isa = PBXGroup;
			children = (
				04CF96742BD1406000832489 /* CastCell */,
				04CF96672BD13D2100832489 /* CastTableViewCell.swift */,
				04CF96682BD13D2100832489 /* CastTableViewCell.xib */,
			);
			path = CastTableViewCell;
			sourceTree = "<group>";
		};
		04CF96622BD13CDB00832489 /* SimilarTableViewCell */ = {
			isa = PBXGroup;
			children = (
				04CF966F2BD13D3F00832489 /* TrailerCell */,
				04CF966B2BD13D3A00832489 /* SimilarTableViewCell.swift */,
				04CF966C2BD13D3A00832489 /* SimilarTableViewCell.xib */,
			);
			path = SimilarTableViewCell;
			sourceTree = "<group>";
		};
		04CF966F2BD13D3F00832489 /* TrailerCell */ = {
			isa = PBXGroup;
			children = (
				04CF96702BD13D5600832489 /* TrailerCell.swift */,
				04CF96712BD13D5600832489 /* TrailerCell.xib */,
			);
			path = TrailerCell;
			sourceTree = "<group>";
		};
		04CF96742BD1406000832489 /* CastCell */ = {
			isa = PBXGroup;
			children = (
				04CF96752BD1408000832489 /* CastCell.swift */,
				04CF96762BD1408000832489 /* CastCell.xib */,
			);
			path = CastCell;
			sourceTree = "<group>";
		};
		04CF96792BD20FD700832489 /* Repository */ = {
			isa = PBXGroup;
			children = (
				04CF967A2BD20FF800832489 /* MovieRepository.swift */,
			);
			path = Repository;
			sourceTree = "<group>";
		};
		C951A76E2BCE6151002AB2F8 = {
			isa = PBXGroup;
			children = (
				04910F6F2BD0B87300DECB84 /* AppConfig.xcconfig */,
				C951A7792BCE6151002AB2F8 /* MovieHub */,
				C951A7782BCE6151002AB2F8 /* Products */,
			);
			sourceTree = "<group>";
		};
		C951A7782BCE6151002AB2F8 /* Products */ = {
			isa = PBXGroup;
			children = (
				C951A7772BCE6151002AB2F8 /* MovieHub.app */,
			);
			name = Products;
			sourceTree = "<group>";
		};
		C951A7792BCE6151002AB2F8 /* MovieHub */ = {
			isa = PBXGroup;
			children = (
				C951A77A2BCE6151002AB2F8 /* AppDelegate.swift */,
				C951A77C2BCE6151002AB2F8 /* SceneDelegate.swift */,
				C9B1C9172BCF6BE600880CD4 /* Network */,
				C9B1C8D62BCE679E00880CD4 /* Utils */,
				C951A7972BCE648F002AB2F8 /* Extensions */,
				C9B1C8DB2BCE68AD00880CD4 /* Resources */,
				C9B1C8DC2BCE8AEA00880CD4 /* Models */,
				04CF96792BD20FD700832489 /* Repository */,
				C951A7922BCE6451002AB2F8 /* Data */,
				C951A7912BCE644D002AB2F8 /* Scenes */,
				C951A78B2BCE6152002AB2F8 /* Info.plist */,
				C951A7832BCE6151002AB2F8 /* MovieHub.xcdatamodeld */,
			);
			path = MovieHub;
			sourceTree = "<group>";
		};
		C951A7912BCE644D002AB2F8 /* Scenes */ = {
			isa = PBXGroup;
			children = (
				0498C1B82BD644240023FA39 /* Common */,
				C951A7932BCE6457002AB2F8 /* Storyboard */,
				C951A7942BCE6477002AB2F8 /* Home */,
				C951A7952BCE647B002AB2F8 /* Favorite */,
				C951A7962BCE6481002AB2F8 /* Account */,
				04CF96542BD123F500832489 /* ListMovie */,
				04CF965B2BD13C8200832489 /* MovieDetail */,
				0441BFA32BD26DD50057465A /* Search */,
			);
			path = Scenes;
			sourceTree = "<group>";
		};
		C951A7922BCE6451002AB2F8 /* Data */ = {
			isa = PBXGroup;
			children = (
				C9B1C8DF2BCE8B5100880CD4 /* Local */,
				C9B1C8D12BCE671000880CD4 /* API */,
			);
			path = Data;
			sourceTree = "<group>";
		};
		C951A7932BCE6457002AB2F8 /* Storyboard */ = {
			isa = PBXGroup;
			children = (
				C951A7802BCE6151002AB2F8 /* Main.storyboard */,
				C951A7882BCE6152002AB2F8 /* LaunchScreen.storyboard */,
			);
			path = Storyboard;
			sourceTree = "<group>";
		};
		C951A7942BCE6477002AB2F8 /* Home */ = {
			isa = PBXGroup;
			children = (
				C951A7982BCE64DE002AB2F8 /* HomeViewController.swift */,
				C9B1C8FC2BCF61BF00880CD4 /* SearchCell */,
				C9B1C8FD2BCF61C500880CD4 /* MovieHeader */,
				C9B1C8FE2BCF61CC00880CD4 /* Cells */,
			);
			path = Home;
			sourceTree = "<group>";
		};
		C951A7952BCE647B002AB2F8 /* Favorite */ = {
			isa = PBXGroup;
			children = (
				C951A79A2BCE64EB002AB2F8 /* FavoriteViewController.swift */,
			);
			path = Favorite;
			sourceTree = "<group>";
		};
		C951A7962BCE6481002AB2F8 /* Account */ = {
			isa = PBXGroup;
			children = (
				C951A79C2BCE64F7002AB2F8 /* AccountViewController.swift */,
			);
			path = Account;
			sourceTree = "<group>";
		};
		C951A7972BCE648F002AB2F8 /* Extensions */ = {
			isa = PBXGroup;
			children = (
				C9B1C8D92BCE67FE00880CD4 /* UIViewController+Extension.swift */,
				C9B1C9102BCF66DC00880CD4 /* UIImageView+Extension.swift */,
			);
			path = Extensions;
			sourceTree = "<group>";
		};
		C9B1C8D12BCE671000880CD4 /* API */ = {
			isa = PBXGroup;
			children = (
				C9B1C8D22BCE671E00880CD4 /* APIService.swift */,
				C9B1C8D42BCE672800880CD4 /* Urls.swift */,
			);
			path = API;
			sourceTree = "<group>";
		};
		C9B1C8D62BCE679E00880CD4 /* Utils */ = {
			isa = PBXGroup;
			children = (
				C9B1C8D72BCE67B100880CD4 /* Constants.swift */,
				C9B1C91B2BCF745D00880CD4 /* Enum.swift */,
			);
			path = Utils;
			sourceTree = "<group>";
		};
		C9B1C8DB2BCE68AD00880CD4 /* Resources */ = {
			isa = PBXGroup;
			children = (
				C951A7862BCE6152002AB2F8 /* Assets.xcassets */,
			);
			path = Resources;
			sourceTree = "<group>";
		};
		C9B1C8DC2BCE8AEA00880CD4 /* Models */ = {
			isa = PBXGroup;
			children = (
				C9B1C8F42BCF5DB100880CD4 /* MovieResponse.swift */,
				C9B1C8DD2BCE8B0100880CD4 /* Movie.swift */,
				C9B1C8F62BCF5DC300880CD4 /* Cast.swift */,
				C9B1C8F82BCF5DCF00880CD4 /* Credits.swift */,
			);
			path = Models;
			sourceTree = "<group>";
		};
		C9B1C8DF2BCE8B5100880CD4 /* Local */ = {
			isa = PBXGroup;
			children = (
				C9B1C8E02BCE8B6200880CD4 /* CoreDataManager.swift */,
			);
			path = Local;
			sourceTree = "<group>";
		};
		C9B1C8FC2BCF61BF00880CD4 /* SearchCell */ = {
			isa = PBXGroup;
			children = (
				C9B1C8FF2BCF61EC00880CD4 /* SearchCell.swift */,
				C9B1C9002BCF61EC00880CD4 /* SearchCell.xib */,
			);
			path = SearchCell;
			sourceTree = "<group>";
		};
		C9B1C8FD2BCF61C500880CD4 /* MovieHeader */ = {
			isa = PBXGroup;
			children = (
				C9B1C9032BCF620300880CD4 /* MovieHeader.swift */,
				C9B1C9052BCF620F00880CD4 /* MovieHeader.xib */,
			);
			path = MovieHeader;
			sourceTree = "<group>";
		};
		C9B1C8FE2BCF61CC00880CD4 /* Cells */ = {
			isa = PBXGroup;
			children = (
				C9B1C90B2BCF624D00880CD4 /* MovieCollectionViewCell */,
				C9B1C9072BCF624700880CD4 /* ListMovieTableViewCell.swift */,
				C9B1C9082BCF624700880CD4 /* ListMovieTableViewCell.xib */,
			);
			path = Cells;
			sourceTree = "<group>";
		};
		C9B1C90B2BCF624D00880CD4 /* MovieCollectionViewCell */ = {
			isa = PBXGroup;
			children = (
				C9B1C90C2BCF627E00880CD4 /* MovieCollectionViewCell.swift */,
				C9B1C90D2BCF627E00880CD4 /* MovieCollectionViewCell.xib */,
			);
			path = MovieCollectionViewCell;
			sourceTree = "<group>";
		};
		C9B1C9172BCF6BE600880CD4 /* Network */ = {
			isa = PBXGroup;
			children = (
				C9B1C9182BCF6BF900880CD4 /* NetworkMonitor.swift */,
			);
			path = Network;
			sourceTree = "<group>";
		};
/* End PBXGroup section */

/* Begin PBXNativeTarget section */
		C951A7762BCE6151002AB2F8 /* MovieHub */ = {
			isa = PBXNativeTarget;
			buildConfigurationList = C951A78E2BCE6152002AB2F8 /* Build configuration list for PBXNativeTarget "MovieHub" */;
			buildPhases = (
				C951A7732BCE6151002AB2F8 /* Sources */,
				C951A7742BCE6151002AB2F8 /* Frameworks */,
				C951A7752BCE6151002AB2F8 /* Resources */,
			);
			buildRules = (
			);
			dependencies = (
			);
			name = MovieHub;
			packageProductDependencies = (
				C9B1C91E2BCF820B00880CD4 /* Reusable */,
			);
			productName = MovieHub;
			productReference = C951A7772BCE6151002AB2F8 /* MovieHub.app */;
			productType = "com.apple.product-type.application";
		};
/* End PBXNativeTarget section */

/* Begin PBXProject section */
		C951A76F2BCE6151002AB2F8 /* Project object */ = {
			isa = PBXProject;
			attributes = {
				BuildIndependentTargetsInParallel = 1;
				LastSwiftUpdateCheck = 1530;
				LastUpgradeCheck = 1530;
				TargetAttributes = {
					C951A7762BCE6151002AB2F8 = {
						CreatedOnToolsVersion = 15.3;
					};
				};
			};
			buildConfigurationList = C951A7722BCE6151002AB2F8 /* Build configuration list for PBXProject "MovieHub" */;
			compatibilityVersion = "Xcode 14.0";
			developmentRegion = en;
			hasScannedForEncodings = 0;
			knownRegions = (
				en,
				Base,
			);
			mainGroup = C951A76E2BCE6151002AB2F8;
			packageReferences = (
				C9B1C91D2BCF820B00880CD4 /* XCRemoteSwiftPackageReference "Reusable" */,
			);
			productRefGroup = C951A7782BCE6151002AB2F8 /* Products */;
			projectDirPath = "";
			projectRoot = "";
			targets = (
				C951A7762BCE6151002AB2F8 /* MovieHub */,
			);
		};
/* End PBXProject section */

/* Begin PBXResourcesBuildPhase section */
		C951A7752BCE6151002AB2F8 /* Resources */ = {
			isa = PBXResourcesBuildPhase;
			buildActionMask = 2147483647;
			files = (
				04CF965F2BD13CC100832489 /* MovieDetailViewController.xib in Resources */,
				04CF966E2BD13D3A00832489 /* SimilarTableViewCell.xib in Resources */,
				C9B1C9092BCF624700880CD4 /* ListMovieTableViewCell.xib in Resources */,
				04CF966A2BD13D2100832489 /* CastTableViewCell.xib in Resources */,
				04CF96782BD1408000832489 /* CastCell.xib in Resources */,
				C951A7872BCE6152002AB2F8 /* Assets.xcassets in Resources */,
				C9B1C9012BCF61EC00880CD4 /* SearchCell.xib in Resources */,
				C9B1C9062BCF620F00880CD4 /* MovieHeader.xib in Resources */,
				0441BFA72BD26DF20057465A /* SearchViewController.xib in Resources */,
				C951A78A2BCE6152002AB2F8 /* Base in Resources */,
				0441BFAC2BD26E2D0057465A /* SearchMovieCell.xib in Resources */,
				C951A7822BCE6151002AB2F8 /* Base in Resources */,
				04CF96732BD13D5600832489 /* TrailerCell.xib in Resources */,
				04CF96662BD13D1200832489 /* MovieDetailInfoCell.xib in Resources */,
				C9B1C90E2BCF627E00880CD4 /* MovieCollectionViewCell.xib in Resources */,
				04CF96582BD1241400832489 /* ListMovieViewController.xib in Resources */,
			);
			runOnlyForDeploymentPostprocessing = 0;
		};
/* End PBXResourcesBuildPhase section */

/* Begin PBXSourcesBuildPhase section */
		C951A7732BCE6151002AB2F8 /* Sources */ = {
			isa = PBXSourcesBuildPhase;
			buildActionMask = 2147483647;
			files = (
				C9B1C8F52BCF5DB100880CD4 /* MovieResponse.swift in Sources */,
				C951A7852BCE6151002AB2F8 /* MovieHub.xcdatamodeld in Sources */,
				0498C1BC2BD646770023FA39 /* StarRatingView.swift in Sources */,
				C9B1C90A2BCF624700880CD4 /* ListMovieTableViewCell.swift in Sources */,
				C9B1C8F72BCF5DC300880CD4 /* Cast.swift in Sources */,
				04CF966D2BD13D3A00832489 /* SimilarTableViewCell.swift in Sources */,
				04CF965E2BD13CC100832489 /* MovieDetailViewController.swift in Sources */,
				0441BFAB2BD26E2D0057465A /* SearchMovieCell.swift in Sources */,
				04CF96772BD1408000832489 /* CastCell.swift in Sources */,
				0441BFA62BD26DF20057465A /* SearchViewController.swift in Sources */,
				C951A77B2BCE6151002AB2F8 /* AppDelegate.swift in Sources */,
				04CF96722BD13D5600832489 /* TrailerCell.swift in Sources */,
				C951A79D2BCE64F7002AB2F8 /* AccountViewController.swift in Sources */,
				04CF967B2BD20FF800832489 /* MovieRepository.swift in Sources */,
				C9B1C8D52BCE672800880CD4 /* Urls.swift in Sources */,
				C9B1C90F2BCF627E00880CD4 /* MovieCollectionViewCell.swift in Sources */,
				C9B1C91C2BCF745D00880CD4 /* Enum.swift in Sources */,
				C9B1C8D32BCE671E00880CD4 /* APIService.swift in Sources */,
				C9B1C9112BCF66DC00880CD4 /* UIImageView+Extension.swift in Sources */,
				C951A77D2BCE6151002AB2F8 /* SceneDelegate.swift in Sources */,
				C9B1C9192BCF6BF900880CD4 /* NetworkMonitor.swift in Sources */,
				C9B1C8E12BCE8B6200880CD4 /* CoreDataManager.swift in Sources */,
				C951A7992BCE64DE002AB2F8 /* HomeViewController.swift in Sources */,
				C951A79B2BCE64EB002AB2F8 /* FavoriteViewController.swift in Sources */,
				C9B1C8DA2BCE67FE00880CD4 /* UIViewController+Extension.swift in Sources */,
				C9B1C8DE2BCE8B0100880CD4 /* Movie.swift in Sources */,
				04CF96572BD1241400832489 /* ListMovieViewController.swift in Sources */,
				04CF96692BD13D2100832489 /* CastTableViewCell.swift in Sources */,
				C9B1C8F92BCF5DCF00880CD4 /* Credits.swift in Sources */,
				C9B1C9022BCF61EC00880CD4 /* SearchCell.swift in Sources */,
				C9B1C8D82BCE67B100880CD4 /* Constants.swift in Sources */,
				C9B1C9042BCF620300880CD4 /* MovieHeader.swift in Sources */,
				04CF96652BD13D1200832489 /* MovieDetailInfoCell.swift in Sources */,
			);
			runOnlyForDeploymentPostprocessing = 0;
		};
/* End PBXSourcesBuildPhase section */

/* Begin PBXVariantGroup section */
		C951A7802BCE6151002AB2F8 /* Main.storyboard */ = {
			isa = PBXVariantGroup;
			children = (
				C951A7812BCE6151002AB2F8 /* Base */,
			);
			name = Main.storyboard;
			sourceTree = "<group>";
		};
		C951A7882BCE6152002AB2F8 /* LaunchScreen.storyboard */ = {
			isa = PBXVariantGroup;
			children = (
				C951A7892BCE6152002AB2F8 /* Base */,
			);
			name = LaunchScreen.storyboard;
			sourceTree = "<group>";
		};
/* End PBXVariantGroup section */

/* Begin XCBuildConfiguration section */
		C951A78C2BCE6152002AB2F8 /* Debug */ = {
			isa = XCBuildConfiguration;
			baseConfigurationReference = 04910F6F2BD0B87300DECB84 /* AppConfig.xcconfig */;
			buildSettings = {
				ALWAYS_SEARCH_USER_PATHS = NO;
				ASSETCATALOG_COMPILER_GENERATE_SWIFT_ASSET_SYMBOL_EXTENSIONS = YES;
				CLANG_ANALYZER_NONNULL = YES;
				CLANG_ANALYZER_NUMBER_OBJECT_CONVERSION = YES_AGGRESSIVE;
				CLANG_CXX_LANGUAGE_STANDARD = "gnu++20";
				CLANG_ENABLE_MODULES = YES;
				CLANG_ENABLE_OBJC_ARC = YES;
				CLANG_ENABLE_OBJC_WEAK = YES;
				CLANG_WARN_BLOCK_CAPTURE_AUTORELEASING = YES;
				CLANG_WARN_BOOL_CONVERSION = YES;
				CLANG_WARN_COMMA = YES;
				CLANG_WARN_CONSTANT_CONVERSION = YES;
				CLANG_WARN_DEPRECATED_OBJC_IMPLEMENTATIONS = YES;
				CLANG_WARN_DIRECT_OBJC_ISA_USAGE = YES_ERROR;
				CLANG_WARN_DOCUMENTATION_COMMENTS = YES;
				CLANG_WARN_EMPTY_BODY = YES;
				CLANG_WARN_ENUM_CONVERSION = YES;
				CLANG_WARN_INFINITE_RECURSION = YES;
				CLANG_WARN_INT_CONVERSION = YES;
				CLANG_WARN_NON_LITERAL_NULL_CONVERSION = YES;
				CLANG_WARN_OBJC_IMPLICIT_RETAIN_SELF = YES;
				CLANG_WARN_OBJC_LITERAL_CONVERSION = YES;
				CLANG_WARN_OBJC_ROOT_CLASS = YES_ERROR;
				CLANG_WARN_QUOTED_INCLUDE_IN_FRAMEWORK_HEADER = YES;
				CLANG_WARN_RANGE_LOOP_ANALYSIS = YES;
				CLANG_WARN_STRICT_PROTOTYPES = YES;
				CLANG_WARN_SUSPICIOUS_MOVE = YES;
				CLANG_WARN_UNGUARDED_AVAILABILITY = YES_AGGRESSIVE;
				CLANG_WARN_UNREACHABLE_CODE = YES;
				CLANG_WARN__DUPLICATE_METHOD_MATCH = YES;
				COPY_PHASE_STRIP = NO;
				DEBUG_INFORMATION_FORMAT = dwarf;
				ENABLE_STRICT_OBJC_MSGSEND = YES;
				ENABLE_TESTABILITY = YES;
				ENABLE_USER_SCRIPT_SANDBOXING = YES;
				GCC_C_LANGUAGE_STANDARD = gnu17;
				GCC_DYNAMIC_NO_PIC = NO;
				GCC_NO_COMMON_BLOCKS = YES;
				GCC_OPTIMIZATION_LEVEL = 0;
				GCC_PREPROCESSOR_DEFINITIONS = (
					"DEBUG=1",
					"$(inherited)",
				);
				GCC_WARN_64_TO_32_BIT_CONVERSION = YES;
				GCC_WARN_ABOUT_RETURN_TYPE = YES_ERROR;
				GCC_WARN_UNDECLARED_SELECTOR = YES;
				GCC_WARN_UNINITIALIZED_AUTOS = YES_AGGRESSIVE;
				GCC_WARN_UNUSED_FUNCTION = YES;
				GCC_WARN_UNUSED_VARIABLE = YES;
				IPHONEOS_DEPLOYMENT_TARGET = 17.4;
				LOCALIZATION_PREFERS_STRING_CATALOGS = YES;
				MTL_ENABLE_DEBUG_INFO = INCLUDE_SOURCE;
				MTL_FAST_MATH = YES;
				ONLY_ACTIVE_ARCH = YES;
				SDKROOT = iphoneos;
				SWIFT_ACTIVE_COMPILATION_CONDITIONS = "DEBUG $(inherited)";
				SWIFT_OPTIMIZATION_LEVEL = "-Onone";
			};
			name = Debug;
		};
		C951A78D2BCE6152002AB2F8 /* Release */ = {
			isa = XCBuildConfiguration;
			baseConfigurationReference = 04910F6F2BD0B87300DECB84 /* AppConfig.xcconfig */;
			buildSettings = {
				ALWAYS_SEARCH_USER_PATHS = NO;
				ASSETCATALOG_COMPILER_GENERATE_SWIFT_ASSET_SYMBOL_EXTENSIONS = YES;
				CLANG_ANALYZER_NONNULL = YES;
				CLANG_ANALYZER_NUMBER_OBJECT_CONVERSION = YES_AGGRESSIVE;
				CLANG_CXX_LANGUAGE_STANDARD = "gnu++20";
				CLANG_ENABLE_MODULES = YES;
				CLANG_ENABLE_OBJC_ARC = YES;
				CLANG_ENABLE_OBJC_WEAK = YES;
				CLANG_WARN_BLOCK_CAPTURE_AUTORELEASING = YES;
				CLANG_WARN_BOOL_CONVERSION = YES;
				CLANG_WARN_COMMA = YES;
				CLANG_WARN_CONSTANT_CONVERSION = YES;
				CLANG_WARN_DEPRECATED_OBJC_IMPLEMENTATIONS = YES;
				CLANG_WARN_DIRECT_OBJC_ISA_USAGE = YES_ERROR;
				CLANG_WARN_DOCUMENTATION_COMMENTS = YES;
				CLANG_WARN_EMPTY_BODY = YES;
				CLANG_WARN_ENUM_CONVERSION = YES;
				CLANG_WARN_INFINITE_RECURSION = YES;
				CLANG_WARN_INT_CONVERSION = YES;
				CLANG_WARN_NON_LITERAL_NULL_CONVERSION = YES;
				CLANG_WARN_OBJC_IMPLICIT_RETAIN_SELF = YES;
				CLANG_WARN_OBJC_LITERAL_CONVERSION = YES;
				CLANG_WARN_OBJC_ROOT_CLASS = YES_ERROR;
				CLANG_WARN_QUOTED_INCLUDE_IN_FRAMEWORK_HEADER = YES;
				CLANG_WARN_RANGE_LOOP_ANALYSIS = YES;
				CLANG_WARN_STRICT_PROTOTYPES = YES;
				CLANG_WARN_SUSPICIOUS_MOVE = YES;
				CLANG_WARN_UNGUARDED_AVAILABILITY = YES_AGGRESSIVE;
				CLANG_WARN_UNREACHABLE_CODE = YES;
				CLANG_WARN__DUPLICATE_METHOD_MATCH = YES;
				COPY_PHASE_STRIP = NO;
				DEBUG_INFORMATION_FORMAT = "dwarf-with-dsym";
				ENABLE_NS_ASSERTIONS = NO;
				ENABLE_STRICT_OBJC_MSGSEND = YES;
				ENABLE_USER_SCRIPT_SANDBOXING = YES;
				GCC_C_LANGUAGE_STANDARD = gnu17;
				GCC_NO_COMMON_BLOCKS = YES;
				GCC_WARN_64_TO_32_BIT_CONVERSION = YES;
				GCC_WARN_ABOUT_RETURN_TYPE = YES_ERROR;
				GCC_WARN_UNDECLARED_SELECTOR = YES;
				GCC_WARN_UNINITIALIZED_AUTOS = YES_AGGRESSIVE;
				GCC_WARN_UNUSED_FUNCTION = YES;
				GCC_WARN_UNUSED_VARIABLE = YES;
				IPHONEOS_DEPLOYMENT_TARGET = 17.4;
				LOCALIZATION_PREFERS_STRING_CATALOGS = YES;
				MTL_ENABLE_DEBUG_INFO = NO;
				MTL_FAST_MATH = YES;
				SDKROOT = iphoneos;
				SWIFT_COMPILATION_MODE = wholemodule;
				VALIDATE_PRODUCT = YES;
			};
			name = Release;
		};
		C951A78F2BCE6152002AB2F8 /* Debug */ = {
			isa = XCBuildConfiguration;
			baseConfigurationReference = 04910F6F2BD0B87300DECB84 /* AppConfig.xcconfig */;
			buildSettings = {
				ASSETCATALOG_COMPILER_APPICON_NAME = AppIcon;
				ASSETCATALOG_COMPILER_GLOBAL_ACCENT_COLOR_NAME = AccentColor;
				CODE_SIGN_STYLE = Automatic;
				CURRENT_PROJECT_VERSION = 1;
				GENERATE_INFOPLIST_FILE = YES;
				INFOPLIST_FILE = MovieHub/Info.plist;
				INFOPLIST_KEY_UIApplicationSupportsIndirectInputEvents = YES;
				INFOPLIST_KEY_UILaunchStoryboardName = LaunchScreen;
				INFOPLIST_KEY_UIMainStoryboardFile = Main;
				INFOPLIST_KEY_UISupportedInterfaceOrientations_iPad = "UIInterfaceOrientationPortrait UIInterfaceOrientationPortraitUpsideDown UIInterfaceOrientationLandscapeLeft UIInterfaceOrientationLandscapeRight";
				INFOPLIST_KEY_UISupportedInterfaceOrientations_iPhone = "UIInterfaceOrientationPortrait UIInterfaceOrientationLandscapeLeft UIInterfaceOrientationLandscapeRight";
				IPHONEOS_DEPLOYMENT_TARGET = 14.3;
				LD_RUNPATH_SEARCH_PATHS = (
					"$(inherited)",
					"@executable_path/Frameworks",
				);
				MARKETING_VERSION = 1.0;
				PRODUCT_BUNDLE_IDENTIFIER = "dev-duynv.MovieHub";
				PRODUCT_NAME = "$(TARGET_NAME)";
				SWIFT_EMIT_LOC_STRINGS = YES;
				SWIFT_VERSION = 5.0;
				TARGETED_DEVICE_FAMILY = "1,2";
			};
			name = Debug;
		};
		C951A7902BCE6152002AB2F8 /* Release */ = {
			isa = XCBuildConfiguration;
			baseConfigurationReference = 04910F6F2BD0B87300DECB84 /* AppConfig.xcconfig */;
			buildSettings = {
				ASSETCATALOG_COMPILER_APPICON_NAME = AppIcon;
				ASSETCATALOG_COMPILER_GLOBAL_ACCENT_COLOR_NAME = AccentColor;
				CODE_SIGN_STYLE = Automatic;
				CURRENT_PROJECT_VERSION = 1;
				GENERATE_INFOPLIST_FILE = YES;
				INFOPLIST_FILE = MovieHub/Info.plist;
				INFOPLIST_KEY_UIApplicationSupportsIndirectInputEvents = YES;
				INFOPLIST_KEY_UILaunchStoryboardName = LaunchScreen;
				INFOPLIST_KEY_UIMainStoryboardFile = Main;
				INFOPLIST_KEY_UISupportedInterfaceOrientations_iPad = "UIInterfaceOrientationPortrait UIInterfaceOrientationPortraitUpsideDown UIInterfaceOrientationLandscapeLeft UIInterfaceOrientationLandscapeRight";
				INFOPLIST_KEY_UISupportedInterfaceOrientations_iPhone = "UIInterfaceOrientationPortrait UIInterfaceOrientationLandscapeLeft UIInterfaceOrientationLandscapeRight";
				IPHONEOS_DEPLOYMENT_TARGET = 14.3;
				LD_RUNPATH_SEARCH_PATHS = (
					"$(inherited)",
					"@executable_path/Frameworks",
				);
				MARKETING_VERSION = 1.0;
				PRODUCT_BUNDLE_IDENTIFIER = "dev-duynv.MovieHub";
				PRODUCT_NAME = "$(TARGET_NAME)";
				SWIFT_EMIT_LOC_STRINGS = YES;
				SWIFT_VERSION = 5.0;
				TARGETED_DEVICE_FAMILY = "1,2";
			};
			name = Release;
		};
/* End XCBuildConfiguration section */

/* Begin XCConfigurationList section */
		C951A7722BCE6151002AB2F8 /* Build configuration list for PBXProject "MovieHub" */ = {
			isa = XCConfigurationList;
			buildConfigurations = (
				C951A78C2BCE6152002AB2F8 /* Debug */,
				C951A78D2BCE6152002AB2F8 /* Release */,
			);
			defaultConfigurationIsVisible = 0;
			defaultConfigurationName = Release;
		};
		C951A78E2BCE6152002AB2F8 /* Build configuration list for PBXNativeTarget "MovieHub" */ = {
			isa = XCConfigurationList;
			buildConfigurations = (
				C951A78F2BCE6152002AB2F8 /* Debug */,
				C951A7902BCE6152002AB2F8 /* Release */,
			);
			defaultConfigurationIsVisible = 0;
			defaultConfigurationName = Release;
		};
/* End XCConfigurationList section */

/* Begin XCRemoteSwiftPackageReference section */
		C9B1C91D2BCF820B00880CD4 /* XCRemoteSwiftPackageReference "Reusable" */ = {
			isa = XCRemoteSwiftPackageReference;
			repositoryURL = "https://github.com/AliSoftware/Reusable";
			requirement = {
				kind = upToNextMajorVersion;
				minimumVersion = 4.1.2;
			};
		};
/* End XCRemoteSwiftPackageReference section */

/* Begin XCSwiftPackageProductDependency section */
		C9B1C91E2BCF820B00880CD4 /* Reusable */ = {
			isa = XCSwiftPackageProductDependency;
			package = C9B1C91D2BCF820B00880CD4 /* XCRemoteSwiftPackageReference "Reusable" */;
			productName = Reusable;
		};
/* End XCSwiftPackageProductDependency section */

/* Begin XCVersionGroup section */
		C951A7832BCE6151002AB2F8 /* MovieHub.xcdatamodeld */ = {
			isa = XCVersionGroup;
			children = (
				C951A7842BCE6151002AB2F8 /* MovieHub.xcdatamodel */,
			);
			currentVersion = C951A7842BCE6151002AB2F8 /* MovieHub.xcdatamodel */;
			path = MovieHub.xcdatamodeld;
			sourceTree = "<group>";
			versionGroupType = wrapper.xcdatamodel;
		};
/* End XCVersionGroup section */
	};
	rootObject = C951A76F2BCE6151002AB2F8 /* Project object */;
}
